
Microsoft Visual Studio Solution File, Format Version 12.00
# Visual Studio Version 17
VisualStudioVersion = 17.14.36301.6 d17.14
MinimumVisualStudioVersion = 10.0.40219.1
Project("{FAE04EC0-301F-11D3-BF4B-00C04F79EFBC}") = "MonoGame Topic 3.5 - Dragging and Dropping", "MonoGame Topic 3.5 - Dragging and Dropping.csproj", "{3FC2421F-4415-408A-B09D-DB7258C45D50}"
EndProject
Global
	GlobalSection(SolutionConfigurationPlatforms) = preSolution
		Debug|Any CPU = Debug|Any CPU
		Release|Any CPU = Release|Any CPU
	EndGlobalSection
	GlobalSection(ProjectConfigurationPlatforms) = postSolution
		{3FC2421F-4415-408A-B09D-DB7258C45D50}.Debug|Any CPU.ActiveCfg = Debug|Any CPU
		{3FC2421F-4415-408A-B09D-DB7258C45D50}.Debug|Any CPU.Build.0 = Debug|Any CPU
		{3FC2421F-4415-408A-B09D-DB7258C45D50}.Release|Any CPU.ActiveCfg = Release|Any CPU
		{3FC2421F-4415-408A-B09D-DB7258C45D50}.Release|Any CPU.Build.0 = Release|Any CPU
	EndGlobalSection
	GlobalSection(SolutionProperties) = preSolution
		HideSolutionNode = FALSE
	EndGlobalSection
	GlobalSection(ExtensibilityGlobals) = postSolution
		SolutionGuid = {98AAF2BE-92AE-4B65-8A73-77BA0BC9A531}
	EndGlobalSection
EndGlobal
